# THIS IS AN AUTOGENERATED FILE. DO NOT EDIT THIS FILE DIRECTLY.
# yarn lockfile v1


riew@2.0.0:
  version "2.0.0"
  resolved "https://registry.yarnpkg.com/riew/-/riew-2.0.0.tgz#f7306118f89a64d565d4b7d64d8fa2b001bdbfb2"
  integrity sha512-1RTaaPKOXp3IP1Z2F34S6H/OUtUYrnv7GZBR2+FTJXIioWU6VCzVX3g7GjiplobLsBBg0Q+FcjwYmJwa9EGnXQ==
