# THIS IS AN AUTOGENERATED FILE. DO NOT EDIT THIS FILE DIRECTLY.
# yarn lockfile v1


riew@2.1.2:
  version "2.1.2"
  resolved "https://registry.yarnpkg.com/riew/-/riew-2.1.2.tgz#5f7082533747fb7481db2194672d6d5ba7074837"
  integrity sha512-ypM73YKEhDFuP0hHUe3x2XST0aWB4IBkXZdo1aJSgZ129lb5+W9cuR32W6nuBNSbD5pbNMfs0uyjCLEijex49w==
