# THIS IS AN AUTOGENERATED FILE. DO NOT EDIT THIS FILE DIRECTLY.
# yarn lockfile v1


riew@2.0.2:
  version "2.0.2"
  resolved "https://registry.yarnpkg.com/riew/-/riew-2.0.2.tgz#4d1405760a2b3b474790096b58ee64b8026e9222"
  integrity sha512-1PGc9fvcRJ9kp1lCebnTjXNYd2pPY5m1rVVG+BUx4wf4mHNw/z8bciG8XUZ5kIy0s+nGr1alVGnRcldl5cubAg==
